
Microsoft Visual Studio Solution File, Format Version 12.00
# Visual Studio Version 16
VisualStudioVersion = 16.0.32126.315
MinimumVisualStudioVersion = 10.0.40219.1
Project("{FAE04EC0-301F-11D3-BF4B-00C04F79EFBC}") = "asp_net_labs_3", "asp_net_labs_3\asp_net_labs_3.csproj", "{894A2A84-5C0E-42BC-A37F-913169E10A58}"
EndProject
Global
	GlobalSection(SolutionConfigurationPlatforms) = preSolution
		Debug|Any CPU = Debug|Any CPU
		Release|Any CPU = Release|Any CPU
	EndGlobalSection
	GlobalSection(ProjectConfigurationPlatforms) = postSolution
		{894A2A84-5C0E-42BC-A37F-913169E10A58}.Debug|Any CPU.ActiveCfg = Debug|Any CPU
		{894A2A84-5C0E-42BC-A37F-913169E10A58}.Debug|Any CPU.Build.0 = Debug|Any CPU
		{894A2A84-5C0E-42BC-A37F-913169E10A58}.Release|Any CPU.ActiveCfg = Release|Any CPU
		{894A2A84-5C0E-42BC-A37F-913169E10A58}.Release|Any CPU.Build.0 = Release|Any CPU
	EndGlobalSection
	GlobalSection(SolutionProperties) = preSolution
		HideSolutionNode = FALSE
	EndGlobalSection
	GlobalSection(ExtensibilityGlobals) = postSolution
		SolutionGuid = {8C12C399-8A43-430C-AAD1-C2AFBA2FB892}
	EndGlobalSection
EndGlobal
